
Microsoft Visual Studio Solution File, Format Version 12.00
# Visual Studio Version 17
VisualStudioVersion = 17.0.32014.148
MinimumVisualStudioVersion = 10.0.40219.1
Project("{FAE04EC0-301F-11D3-BF4B-00C04F79EFBC}") = "Reservation_vols_version3_withIdentity_démo", "Reservation_vols_version3_withIdentity_démo\Reservation_vols_version3_withIdentity_démo.csproj", "{7BBEEDAE-0EBF-4844-9CDA-41B331D5D903}"
EndProject
Global
	GlobalSection(SolutionConfigurationPlatforms) = preSolution
		Debug|Any CPU = Debug|Any CPU
		Release|Any CPU = Release|Any CPU
	EndGlobalSection
	GlobalSection(ProjectConfigurationPlatforms) = postSolution
		{7BBEEDAE-0EBF-4844-9CDA-41B331D5D903}.Debug|Any CPU.ActiveCfg = Debug|Any CPU
		{7BBEEDAE-0EBF-4844-9CDA-41B331D5D903}.Debug|Any CPU.Build.0 = Debug|Any CPU
		{7BBEEDAE-0EBF-4844-9CDA-41B331D5D903}.Release|Any CPU.ActiveCfg = Release|Any CPU
		{7BBEEDAE-0EBF-4844-9CDA-41B331D5D903}.Release|Any CPU.Build.0 = Release|Any CPU
	EndGlobalSection
	GlobalSection(SolutionProperties) = preSolution
		HideSolutionNode = FALSE
	EndGlobalSection
	GlobalSection(ExtensibilityGlobals) = postSolution
		SolutionGuid = {ED625904-1710-47CF-AF78-5372F5B53F1F}
	EndGlobalSection
EndGlobal
